PODS:
  - Alamofire (4.2.0)

DEPENDENCIES:
  - Alamofire (from `https://github.com/Alamofire/Alamofire.git`)

EXTERNAL SOURCES:
  Alamofire:
    :git: https://github.com/Alamofire/Alamofire.git

CHECKOUT OPTIONS:
  Alamofire:
    :commit: 7a17b1d4b558a172d571a9d2b1cd81e190586027
    :git: https://github.com/Alamofire/Alamofire.git

SPEC CHECKSUMS:
  Alamofire: 26d8877ec03b4e6e6cbfbf7c03924b4844a2d453

PODFILE CHECKSUM: c59b5aa4b8d17274c12c70452ec40607012f456d

COCOAPODS: 1.1.1
